# THIS IS AN AUTOGENERATED FILE. DO NOT EDIT THIS FILE DIRECTLY.
# yarn lockfile v1


"@eyevinn/m3u8@^0.1.2":
  version "0.1.2"
  resolved "https://registry.yarnpkg.com/@eyevinn/m3u8/-/m3u8-0.1.2.tgz#4c7c5a9cce80e94a2a0d11d8e8b9b7cd27dd8d5d"
  integrity sha512-1U1brCFFlX2yva9+Um1V0c9Kqp1BU5MhSOW4xZhgCrL24wj92B0y4y8pLkvkRNEEA0kPubQERU0BF2ZvQh89Mw==
  dependencies:
    chunked-stream "~0.0.1"

"@inlet-media/eslint-config-base@^0.1.6":
  version "0.1.6"
  resolved "https://npm.pkg.github.com/download/@inlet-media/eslint-config-base/0.1.6/100bc0eb49f5e29d28c3b0ed668eae53f21b0d3eb0ac7c8fcf01173d6f270cf0#529cbad9ee3d4a7d3e289da0cda1339236c82e05"
  integrity sha512-GttdcO2pvbzdElDLtOrEiGxojMbvTQcH/37oyFZd2lKOXsmKo3BEV8IWRRosTkzgjh3/VJyiL8aeIgLPRe9MzA==

"@inlet-media/logger@^0.1.6":
  version "0.1.6"
  resolved "https://npm.pkg.github.com/download/@inlet-media/logger/0.1.6/97973fefe169ac24cecbcba56d126f6b9e1433e98a4704760b6305e7dc1f8a56#321fb232a5de8f75280f0496255738a290481c87"
  integrity sha512-8kYfw0wZau8uEanhwv8kV8IhWyjOdT/04awmCGKhu3vfp7N6CsMuGQSL7Zw/6+PnLHksbUMRiJYwWlXXh7lekA==

chunked-stream@~0.0.1:
  version "0.0.2"
  resolved "https://registry.yarnpkg.com/chunked-stream/-/chunked-stream-0.0.2.tgz#ccf75098dadbf0bb38ff307e109582780507939e"
  integrity sha1-zPdQmNrb8Ls4/zB+EJWCeAUHk54=

minimist@>=0.2.1:
  version "1.2.5"
  resolved "https://registry.yarnpkg.com/minimist/-/minimist-1.2.5.tgz#67d66014b66a6a8aaa0c083c5fd58df4e4e97602"
  integrity sha512-FM9nNUYrRBAELZQT3xeZQ7fmMOBg6nWNmJKTcgsJeaLstP/UODVpGsr5OhXhhXg6f+qtJ8uiZ+PUxkDWcgIXLw==

node-fetch@^2.6.0:
  version "2.6.0"
  resolved "https://registry.yarnpkg.com/node-fetch/-/node-fetch-2.6.0.tgz#e633456386d4aa55863f676a7ab0daa8fdecb0fd"
  integrity sha512-8dG4H5ujfvFiqDmVu9fQ5bOHUC15JMjMY/Zumv26oOvvVJjM67KF8koCWIabKQ1GJIa9r2mMZscBq/TbdOcmNA==
